
Microsoft Visual Studio Solution File, Format Version 12.00
# Visual Studio Version 17
VisualStudioVersion = 17.0.31903.59
MinimumVisualStudioVersion = 10.0.40219.1
Project("{FAE04EC0-301F-11D3-BF4B-00C04F79EFBC}") = "AgendaCompromissos.Modelo", "AgendaCompromissos.Modelo\AgendaCompromissos.Modelo.csproj", "{6B16E1EF-13D9-47CE-B5A4-7206292BDC0D}"
EndProject
Project("{FAE04EC0-301F-11D3-BF4B-00C04F79EFBC}") = "AgendaCompromissos.Console", "AgendaCompromissos.Console\AgendaCompromissos.Console.csproj", "{9C7350B4-567B-4913-A491-F9BB1649FFBD}"
EndProject
Global
	GlobalSection(SolutionConfigurationPlatforms) = preSolution
		Debug|Any CPU = Debug|Any CPU
		Debug|x64 = Debug|x64
		Debug|x86 = Debug|x86
		Release|Any CPU = Release|Any CPU
		Release|x64 = Release|x64
		Release|x86 = Release|x86
	EndGlobalSection
	GlobalSection(ProjectConfigurationPlatforms) = postSolution
		{6B16E1EF-13D9-47CE-B5A4-7206292BDC0D}.Debug|Any CPU.ActiveCfg = Debug|Any CPU
		{6B16E1EF-13D9-47CE-B5A4-7206292BDC0D}.Debug|Any CPU.Build.0 = Debug|Any CPU
		{6B16E1EF-13D9-47CE-B5A4-7206292BDC0D}.Debug|x64.ActiveCfg = Debug|Any CPU
		{6B16E1EF-13D9-47CE-B5A4-7206292BDC0D}.Debug|x64.Build.0 = Debug|Any CPU
		{6B16E1EF-13D9-47CE-B5A4-7206292BDC0D}.Debug|x86.ActiveCfg = Debug|Any CPU
		{6B16E1EF-13D9-47CE-B5A4-7206292BDC0D}.Debug|x86.Build.0 = Debug|Any CPU
		{6B16E1EF-13D9-47CE-B5A4-7206292BDC0D}.Release|Any CPU.ActiveCfg = Release|Any CPU
		{6B16E1EF-13D9-47CE-B5A4-7206292BDC0D}.Release|Any CPU.Build.0 = Release|Any CPU
		{6B16E1EF-13D9-47CE-B5A4-7206292BDC0D}.Release|x64.ActiveCfg = Release|Any CPU
		{6B16E1EF-13D9-47CE-B5A4-7206292BDC0D}.Release|x64.Build.0 = Release|Any CPU
		{6B16E1EF-13D9-47CE-B5A4-7206292BDC0D}.Release|x86.ActiveCfg = Release|Any CPU
		{6B16E1EF-13D9-47CE-B5A4-7206292BDC0D}.Release|x86.Build.0 = Release|Any CPU
		{9C7350B4-567B-4913-A491-F9BB1649FFBD}.Debug|Any CPU.ActiveCfg = Debug|Any CPU
		{9C7350B4-567B-4913-A491-F9BB1649FFBD}.Debug|Any CPU.Build.0 = Debug|Any CPU
		{9C7350B4-567B-4913-A491-F9BB1649FFBD}.Debug|x64.ActiveCfg = Debug|Any CPU
		{9C7350B4-567B-4913-A491-F9BB1649FFBD}.Debug|x64.Build.0 = Debug|Any CPU
		{9C7350B4-567B-4913-A491-F9BB1649FFBD}.Debug|x86.ActiveCfg = Debug|Any CPU
		{9C7350B4-567B-4913-A491-F9BB1649FFBD}.Debug|x86.Build.0 = Debug|Any CPU
		{9C7350B4-567B-4913-A491-F9BB1649FFBD}.Release|Any CPU.ActiveCfg = Release|Any CPU
		{9C7350B4-567B-4913-A491-F9BB1649FFBD}.Release|Any CPU.Build.0 = Release|Any CPU
		{9C7350B4-567B-4913-A491-F9BB1649FFBD}.Release|x64.ActiveCfg = Release|Any CPU
		{9C7350B4-567B-4913-A491-F9BB1649FFBD}.Release|x64.Build.0 = Release|Any CPU
		{9C7350B4-567B-4913-A491-F9BB1649FFBD}.Release|x86.ActiveCfg = Release|Any CPU
		{9C7350B4-567B-4913-A491-F9BB1649FFBD}.Release|x86.Build.0 = Release|Any CPU
	EndGlobalSection
	GlobalSection(SolutionProperties) = preSolution
		HideSolutionNode = FALSE
	EndGlobalSection
EndGlobal
